
Microsoft Visual Studio Solution File, Format Version 12.00
# Visual Studio Version 16
VisualStudioVersion = 16.0.29215.179
MinimumVisualStudioVersion = 10.0.40219.1
Project("{FAE04EC0-301F-11D3-BF4B-00C04F79EFBC}") = "NumericalSequence", "NumericalSequence\NumericalSequence.csproj", "{506139AF-7C03-43FE-9F7A-F9FD738C1556}"
EndProject
Global
	GlobalSection(SolutionConfigurationPlatforms) = preSolution
		Debug|Any CPU = Debug|Any CPU
		Release|Any CPU = Release|Any CPU
	EndGlobalSection
	GlobalSection(ProjectConfigurationPlatforms) = postSolution
		{506139AF-7C03-43FE-9F7A-F9FD738C1556}.Debug|Any CPU.ActiveCfg = Debug|Any CPU
		{506139AF-7C03-43FE-9F7A-F9FD738C1556}.Debug|Any CPU.Build.0 = Debug|Any CPU
		{506139AF-7C03-43FE-9F7A-F9FD738C1556}.Release|Any CPU.ActiveCfg = Release|Any CPU
		{506139AF-7C03-43FE-9F7A-F9FD738C1556}.Release|Any CPU.Build.0 = Release|Any CPU
	EndGlobalSection
	GlobalSection(SolutionProperties) = preSolution
		HideSolutionNode = FALSE
	EndGlobalSection
	GlobalSection(ExtensibilityGlobals) = postSolution
		SolutionGuid = {36A6EF37-D90E-47ED-9C18-9F0163E3C3FA}
	EndGlobalSection
EndGlobal
